# THIS IS AN AUTOGENERATED FILE. DO NOT EDIT THIS FILE DIRECTLY.
# yarn lockfile v1


material-icons@^0.3.0:
  version "0.3.0"
  resolved "https://registry.yarnpkg.com/material-icons/-/material-icons-0.3.0.tgz#41230ab7fd6c73e9ca74d1bfa0e8597f1d650c63"
  integrity sha512-nqKE2/yoiTJzoJ8Lw5SzJCDrNkA3hnJ8v70MkCwuA8C1Cayi31Azee1sloLyBAjOUtbctAC66p7Hh8Zow+rMrg==

yarn@^1.13.0:
  version "1.13.0"
  resolved "https://registry.yarnpkg.com/yarn/-/yarn-1.13.0.tgz#affa9c956739548024068532a902cf18c9cb523f"
  integrity sha512-Unfw2eefv8imt4ZMPhvFVP44WCz38huDxkHs+Yqrx4wBTK75Tr0mh3V4rh+2Nw5iQq0rcM/VafotCZo9qTb5DA==
